
Microsoft Visual Studio Solution File, Format Version 12.00
# Visual Studio Version 17
VisualStudioVersion = 17.2.32630.192
MinimumVisualStudioVersion = 10.0.40219.1
Project("{FAE04EC0-301F-11D3-BF4B-00C04F79EFBC}") = "Fiap.Api.AspNet3", "Fiap.Api.AspNet3\Fiap.Api.AspNet3.csproj", "{BFFF8DDD-4E1C-4503-8D1B-1811A8869E82}"
EndProject
Global
	GlobalSection(SolutionConfigurationPlatforms) = preSolution
		Debug|Any CPU = Debug|Any CPU
		Release|Any CPU = Release|Any CPU
	EndGlobalSection
	GlobalSection(ProjectConfigurationPlatforms) = postSolution
		{BFFF8DDD-4E1C-4503-8D1B-1811A8869E82}.Debug|Any CPU.ActiveCfg = Debug|Any CPU
		{BFFF8DDD-4E1C-4503-8D1B-1811A8869E82}.Debug|Any CPU.Build.0 = Debug|Any CPU
		{BFFF8DDD-4E1C-4503-8D1B-1811A8869E82}.Release|Any CPU.ActiveCfg = Release|Any CPU
		{BFFF8DDD-4E1C-4503-8D1B-1811A8869E82}.Release|Any CPU.Build.0 = Release|Any CPU
	EndGlobalSection
	GlobalSection(SolutionProperties) = preSolution
		HideSolutionNode = FALSE
	EndGlobalSection
	GlobalSection(ExtensibilityGlobals) = postSolution
		SolutionGuid = {280F7E44-740C-4787-8AF6-9C75F53C7A9C}
	EndGlobalSection
EndGlobal
