
Microsoft Visual Studio Solution File, Format Version 12.00
# Visual Studio Version 17
VisualStudioVersion = 17.1.32421.90
MinimumVisualStudioVersion = 10.0.40219.1
Project("{9A19103F-16F7-4668-BE54-9A1E7A4F7556}") = "Imc", "Imc\Imc.csproj", "{1B917549-AEDA-4486-87C7-E0C21B1BD421}"
EndProject
Project("{9A19103F-16F7-4668-BE54-9A1E7A4F7556}") = "Media", "Media\Media.csproj", "{3BBF478A-9C38-4295-AA14-91A150343B68}"
EndProject
Project("{FAE04EC0-301F-11D3-BF4B-00C04F79EFBC}") = "SituacaoAluno", "SituacaoAluno\SituacaoAluno.csproj", "{755F490F-13E2-4DF7-BBFC-FF2C9E0F32ED}"
EndProject
Global
	GlobalSection(SolutionConfigurationPlatforms) = preSolution
		Debug|Any CPU = Debug|Any CPU
		Release|Any CPU = Release|Any CPU
	EndGlobalSection
	GlobalSection(ProjectConfigurationPlatforms) = postSolution
		{1B917549-AEDA-4486-87C7-E0C21B1BD421}.Debug|Any CPU.ActiveCfg = Debug|Any CPU
		{1B917549-AEDA-4486-87C7-E0C21B1BD421}.Debug|Any CPU.Build.0 = Debug|Any CPU
		{1B917549-AEDA-4486-87C7-E0C21B1BD421}.Release|Any CPU.ActiveCfg = Release|Any CPU
		{1B917549-AEDA-4486-87C7-E0C21B1BD421}.Release|Any CPU.Build.0 = Release|Any CPU
		{3BBF478A-9C38-4295-AA14-91A150343B68}.Debug|Any CPU.ActiveCfg = Debug|Any CPU
		{3BBF478A-9C38-4295-AA14-91A150343B68}.Debug|Any CPU.Build.0 = Debug|Any CPU
		{3BBF478A-9C38-4295-AA14-91A150343B68}.Release|Any CPU.ActiveCfg = Release|Any CPU
		{3BBF478A-9C38-4295-AA14-91A150343B68}.Release|Any CPU.Build.0 = Release|Any CPU
		{755F490F-13E2-4DF7-BBFC-FF2C9E0F32ED}.Debug|Any CPU.ActiveCfg = Debug|Any CPU
		{755F490F-13E2-4DF7-BBFC-FF2C9E0F32ED}.Debug|Any CPU.Build.0 = Debug|Any CPU
		{755F490F-13E2-4DF7-BBFC-FF2C9E0F32ED}.Release|Any CPU.ActiveCfg = Release|Any CPU
		{755F490F-13E2-4DF7-BBFC-FF2C9E0F32ED}.Release|Any CPU.Build.0 = Release|Any CPU
	EndGlobalSection
	GlobalSection(SolutionProperties) = preSolution
		HideSolutionNode = FALSE
	EndGlobalSection
	GlobalSection(ExtensibilityGlobals) = postSolution
		SolutionGuid = {3B4D0A97-0D3C-4194-AD2F-4C35E29AD601}
	EndGlobalSection
EndGlobal
